# THIS IS AN AUTOGENERATED FILE. DO NOT EDIT THIS FILE DIRECTLY.
# yarn lockfile v1


csv-parse@^4.15.3:
  version "4.15.3"
  resolved "https://registry.yarnpkg.com/csv-parse/-/csv-parse-4.15.3.tgz#8a62759617a920c328cb31c351b05053b8f92b10"
  integrity sha512-jlTqDvLdHnYMSr08ynNfk4IAUSJgJjTKy2U5CQBSu4cN9vQOJonLVZP4Qo4gKKrIgIQ5dr07UwOJdi+lRqT12w==
